# This file is generated by running "yarn install" inside your project.
# Manual changes might be lost - proceed with caution!

__metadata:
  version: 6
  cacheKey: 8

"customerio-node@npm:^3.4.1":
  version: 3.5.1
  resolution: "customerio-node@npm:3.5.1"
  checksum: 983f679cdee0e9b6d0f360e6225bee8660a357318627118043862920e11f56108f434df6de1f0a40677ce291ad549311bba4ef328e28578149d3f2b89dce7da3
  languageName: node
  linkType: hard

"strapi-provider-email-customerio@workspace:.":
  version: 0.0.0-use.local
  resolution: "strapi-provider-email-customerio@workspace:."
  dependencies:
    customerio-node: ^3.4.1
  languageName: unknown
  linkType: soft
